
Microsoft Visual Studio Solution File, Format Version 12.00
# Visual Studio Version 17
VisualStudioVersion = 17.5.33530.505
MinimumVisualStudioVersion = 10.0.40219.1
Project("{FAE04EC0-301F-11D3-BF4B-00C04F79EFBC}") = "SimpleAuthentication", "SimpleAuthentication\SimpleAuthentication.csproj", "{A12C1298-2736-480C-B274-EEE4B8E57C0C}"
EndProject
Project("{FAE04EC0-301F-11D3-BF4B-00C04F79EFBC}") = "Demo", "Demo\Demo.csproj", "{536951EB-A50D-4289-A4C9-449FBFC3BF94}"
EndProject
Global
	GlobalSection(SolutionConfigurationPlatforms) = preSolution
		Debug|Any CPU = Debug|Any CPU
		Release|Any CPU = Release|Any CPU
	EndGlobalSection
	GlobalSection(ProjectConfigurationPlatforms) = postSolution
		{A12C1298-2736-480C-B274-EEE4B8E57C0C}.Debug|Any CPU.ActiveCfg = Debug|Any CPU
		{A12C1298-2736-480C-B274-EEE4B8E57C0C}.Debug|Any CPU.Build.0 = Debug|Any CPU
		{A12C1298-2736-480C-B274-EEE4B8E57C0C}.Release|Any CPU.ActiveCfg = Release|Any CPU
		{A12C1298-2736-480C-B274-EEE4B8E57C0C}.Release|Any CPU.Build.0 = Release|Any CPU
		{536951EB-A50D-4289-A4C9-449FBFC3BF94}.Debug|Any CPU.ActiveCfg = Debug|Any CPU
		{536951EB-A50D-4289-A4C9-449FBFC3BF94}.Debug|Any CPU.Build.0 = Debug|Any CPU
		{536951EB-A50D-4289-A4C9-449FBFC3BF94}.Release|Any CPU.ActiveCfg = Release|Any CPU
		{536951EB-A50D-4289-A4C9-449FBFC3BF94}.Release|Any CPU.Build.0 = Release|Any CPU
	EndGlobalSection
	GlobalSection(SolutionProperties) = preSolution
		HideSolutionNode = FALSE
	EndGlobalSection
	GlobalSection(ExtensibilityGlobals) = postSolution
		SolutionGuid = {C871A765-13CB-463A-9452-71AC90CA29B7}
	EndGlobalSection
EndGlobal
